// !$*UTF8*$!
{
	archiveVersion = 1;
	classes = {
	};
	objectVersion = 56;
	objects = {

/* Begin PBXBuildFile section */
		5A9129192BF38D3100B81B5F /* PhotoEditorApp.swift in Sources */ = {isa = PBXBuildFile; fileRef = 5A9129182BF38D3100B81B5F /* PhotoEditorApp.swift */; };
		5A91291B2BF38D3100B81B5F /* ContentView.swift in Sources */ = {isa = PBXBuildFile; fileRef = 5A91291A2BF38D3100B81B5F /* ContentView.swift */; };
		5A91291D2BF38D3400B81B5F /* Assets.xcassets in Resources */ = {isa = PBXBuildFile; fileRef = 5A91291C2BF38D3400B81B5F /* Assets.xcassets */; };
		5A9129202BF38D3400B81B5F /* Preview Assets.xcassets in Resources */ = {isa = PBXBuildFile; fileRef = 5A91291F2BF38D3400B81B5F /* Preview Assets.xcassets */; };
		5A9129282BF38F3900B81B5F /* HeadlineView.swift in Sources */ = {isa = PBXBuildFile; fileRef = 5A9129272BF38F3900B81B5F /* HeadlineView.swift */; };
		5A91292E2BF39EA900B81B5F /* Home.swift in Sources */ = {isa = PBXBuildFile; fileRef = 5A91292D2BF39EA900B81B5F /* Home.swift */; };
		5A9129302BF39EF900B81B5F /* Crop.swift in Sources */ = {isa = PBXBuildFile; fileRef = 5A91292F2BF39EF900B81B5F /* Crop.swift */; };
		5A9129322BF3A27900B81B5F /* CustomImagePicker.swift in Sources */ = {isa = PBXBuildFile; fileRef = 5A9129312BF3A27900B81B5F /* CustomImagePicker.swift */; };
		5A9129352BF3D56600B81B5F /* Home2.swift in Sources */ = {isa = PBXBuildFile; fileRef = 5A9129342BF3D56500B81B5F /* Home2.swift */; };
		5A9129372BF3D5AF00B81B5F /* ImagePicker.swift in Sources */ = {isa = PBXBuildFile; fileRef = 5A9129362BF3D5AF00B81B5F /* ImagePicker.swift */; };
		5A9129392BF3D81B00B81B5F /* DrawingViewModel.swift in Sources */ = {isa = PBXBuildFile; fileRef = 5A9129382BF3D81B00B81B5F /* DrawingViewModel.swift */; };
		5A91293B2BF3DCAE00B81B5F /* DrawingScreen.swift in Sources */ = {isa = PBXBuildFile; fileRef = 5A91293A2BF3DCAE00B81B5F /* DrawingScreen.swift */; };
		5A91293D2BF3E82B00B81B5F /* TextBox.swift in Sources */ = {isa = PBXBuildFile; fileRef = 5A91293C2BF3E82A00B81B5F /* TextBox.swift */; };
		5A91293F2BF4A77000B81B5F /* CanvasView.swift in Sources */ = {isa = PBXBuildFile; fileRef = 5A91293E2BF4A77000B81B5F /* CanvasView.swift */; };
/* End PBXBuildFile section */

/* Begin PBXFileReference section */
		5A9129152BF38D3100B81B5F /* PhotoEditor.app */ = {isa = PBXFileReference; explicitFileType = wrapper.application; includeInIndex = 0; path = PhotoEditor.app; sourceTree = BUILT_PRODUCTS_DIR; };
		5A9129182BF38D3100B81B5F /* PhotoEditorApp.swift */ = {isa = PBXFileReference; lastKnownFileType = sourcecode.swift; path = PhotoEditorApp.swift; sourceTree = "<group>"; };
		5A91291A2BF38D3100B81B5F /* ContentView.swift */ = {isa = PBXFileReference; lastKnownFileType = sourcecode.swift; path = ContentView.swift; sourceTree = "<group>"; };
		5A91291C2BF38D3400B81B5F /* Assets.xcassets */ = {isa = PBXFileReference; lastKnownFileType = folder.assetcatalog; path = Assets.xcassets; sourceTree = "<group>"; };
		5A91291F2BF38D3400B81B5F /* Preview Assets.xcassets */ = {isa = PBXFileReference; lastKnownFileType = folder.assetcatalog; path = "Preview Assets.xcassets"; sourceTree = "<group>"; };
		5A9129272BF38F3900B81B5F /* HeadlineView.swift */ = {isa = PBXFileReference; lastKnownFileType = sourcecode.swift; path = HeadlineView.swift; sourceTree = "<group>"; };
		5A91292D2BF39EA900B81B5F /* Home.swift */ = {isa = PBXFileReference; lastKnownFileType = sourcecode.swift; path = Home.swift; sourceTree = "<group>"; };
		5A91292F2BF39EF900B81B5F /* Crop.swift */ = {isa = PBXFileReference; lastKnownFileType = sourcecode.swift; path = Crop.swift; sourceTree = "<group>"; };
		5A9129312BF3A27900B81B5F /* CustomImagePicker.swift */ = {isa = PBXFileReference; lastKnownFileType = sourcecode.swift; path = CustomImagePicker.swift; sourceTree = "<group>"; };
		5A9129342BF3D56500B81B5F /* Home2.swift */ = {isa = PBXFileReference; lastKnownFileType = sourcecode.swift; path = Home2.swift; sourceTree = "<group>"; };
		5A9129362BF3D5AF00B81B5F /* ImagePicker.swift */ = {isa = PBXFileReference; lastKnownFileType = sourcecode.swift; path = ImagePicker.swift; sourceTree = "<group>"; };
		5A9129382BF3D81B00B81B5F /* DrawingViewModel.swift */ = {isa = PBXFileReference; lastKnownFileType = sourcecode.swift; path = DrawingViewModel.swift; sourceTree = "<group>"; };
		5A91293A2BF3DCAE00B81B5F /* DrawingScreen.swift */ = {isa = PBXFileReference; lastKnownFileType = sourcecode.swift; path = DrawingScreen.swift; sourceTree = "<group>"; };
		5A91293C2BF3E82A00B81B5F /* TextBox.swift */ = {isa = PBXFileReference; lastKnownFileType = sourcecode.swift; path = TextBox.swift; sourceTree = "<group>"; };
		5A91293E2BF4A77000B81B5F /* CanvasView.swift */ = {isa = PBXFileReference; lastKnownFileType = sourcecode.swift; path = CanvasView.swift; sourceTree = "<group>"; };
/* End PBXFileReference section */

/* Begin PBXFrameworksBuildPhase section */
		5A9129122BF38D3100B81B5F /* Frameworks */ = {
			isa = PBXFrameworksBuildPhase;
			buildActionMask = 2147483647;
			files = (
			);
			runOnlyForDeploymentPostprocessing = 0;
		};
/* End PBXFrameworksBuildPhase section */

/* Begin PBXGroup section */
		5A91290C2BF38D3100B81B5F = {
			isa = PBXGroup;
			children = (
				5A9129172BF38D3100B81B5F /* PhotoEditor */,
				5A9129162BF38D3100B81B5F /* Products */,
			);
			sourceTree = "<group>";
		};
		5A9129162BF38D3100B81B5F /* Products */ = {
			isa = PBXGroup;
			children = (
				5A9129152BF38D3100B81B5F /* PhotoEditor.app */,
			);
			name = Products;
			sourceTree = "<group>";
		};
		5A9129172BF38D3100B81B5F /* PhotoEditor */ = {
			isa = PBXGroup;
			children = (
				5A9129182BF38D3100B81B5F /* PhotoEditorApp.swift */,
				5A9129332BF3BC9D00B81B5F /* Models */,
				5A91292A2BF3973000B81B5F /* ViewModels */,
				5A9129292BF3971D00B81B5F /* Views */,
				5A91291C2BF38D3400B81B5F /* Assets.xcassets */,
				5A91291E2BF38D3400B81B5F /* Preview Content */,
			);
			path = PhotoEditor;
			sourceTree = "<group>";
		};
		5A91291E2BF38D3400B81B5F /* Preview Content */ = {
			isa = PBXGroup;
			children = (
				5A91291F2BF38D3400B81B5F /* Preview Assets.xcassets */,
			);
			path = "Preview Content";
			sourceTree = "<group>";
		};
		5A9129262BF38F1800B81B5F /* Components */ = {
			isa = PBXGroup;
			children = (
				5A9129272BF38F3900B81B5F /* HeadlineView.swift */,
			);
			path = Components;
			sourceTree = "<group>";
		};
		5A9129292BF3971D00B81B5F /* Views */ = {
			isa = PBXGroup;
			children = (
				5A91291A2BF38D3100B81B5F /* ContentView.swift */,
				5A91292D2BF39EA900B81B5F /* Home.swift */,
				5A9129342BF3D56500B81B5F /* Home2.swift */,
				5A9129312BF3A27900B81B5F /* CustomImagePicker.swift */,
				5A91293A2BF3DCAE00B81B5F /* DrawingScreen.swift */,
				5A91293E2BF4A77000B81B5F /* CanvasView.swift */,
				5A9129362BF3D5AF00B81B5F /* ImagePicker.swift */,
				5A9129262BF38F1800B81B5F /* Components */,
			);
			path = Views;
			sourceTree = "<group>";
		};
		5A91292A2BF3973000B81B5F /* ViewModels */ = {
			isa = PBXGroup;
			children = (
				5A9129382BF3D81B00B81B5F /* DrawingViewModel.swift */,
			);
			path = ViewModels;
			sourceTree = "<group>";
		};
		5A9129332BF3BC9D00B81B5F /* Models */ = {
			isa = PBXGroup;
			children = (
				5A91292F2BF39EF900B81B5F /* Crop.swift */,
				5A91293C2BF3E82A00B81B5F /* TextBox.swift */,
			);
			path = Models;
			sourceTree = "<group>";
		};
/* End PBXGroup section */

/* Begin PBXNativeTarget section */
		5A9129142BF38D3100B81B5F /* PhotoEditor */ = {
			isa = PBXNativeTarget;
			buildConfigurationList = 5A9129232BF38D3400B81B5F /* Build configuration list for PBXNativeTarget "PhotoEditor" */;
			buildPhases = (
				5A9129112BF38D3100B81B5F /* Sources */,
				5A9129122BF38D3100B81B5F /* Frameworks */,
				5A9129132BF38D3100B81B5F /* Resources */,
			);
			buildRules = (
			);
			dependencies = (
			);
			name = PhotoEditor;
			productName = PhotoEditor;
			productReference = 5A9129152BF38D3100B81B5F /* PhotoEditor.app */;
			productType = "com.apple.product-type.application";
		};
/* End PBXNativeTarget section */

/* Begin PBXProject section */
		5A91290D2BF38D3100B81B5F /* Project object */ = {
			isa = PBXProject;
			attributes = {
				BuildIndependentTargetsInParallel = 1;
				LastSwiftUpdateCheck = 1520;
				LastUpgradeCheck = 1520;
				TargetAttributes = {
					5A9129142BF38D3100B81B5F = {
						CreatedOnToolsVersion = 15.2;
					};
				};
			};
			buildConfigurationList = 5A9129102BF38D3100B81B5F /* Build configuration list for PBXProject "PhotoEditor" */;
			compatibilityVersion = "Xcode 14.0";
			developmentRegion = en;
			hasScannedForEncodings = 0;
			knownRegions = (
				en,
				Base,
			);
			mainGroup = 5A91290C2BF38D3100B81B5F;
			productRefGroup = 5A9129162BF38D3100B81B5F /* Products */;
			projectDirPath = "";
			projectRoot = "";
			targets = (
				5A9129142BF38D3100B81B5F /* PhotoEditor */,
			);
		};
/* End PBXProject section */

/* Begin PBXResourcesBuildPhase section */
		5A9129132BF38D3100B81B5F /* Resources */ = {
			isa = PBXResourcesBuildPhase;
			buildActionMask = 2147483647;
			files = (
				5A9129202BF38D3400B81B5F /* Preview Assets.xcassets in Resources */,
				5A91291D2BF38D3400B81B5F /* Assets.xcassets in Resources */,
			);
			runOnlyForDeploymentPostprocessing = 0;
		};
/* End PBXResourcesBuildPhase section */

/* Begin PBXSourcesBuildPhase section */
		5A9129112BF38D3100B81B5F /* Sources */ = {
			isa = PBXSourcesBuildPhase;
			buildActionMask = 2147483647;
			files = (
				5A91293B2BF3DCAE00B81B5F /* DrawingScreen.swift in Sources */,
				5A9129322BF3A27900B81B5F /* CustomImagePicker.swift in Sources */,
				5A91293F2BF4A77000B81B5F /* CanvasView.swift in Sources */,
				5A9129352BF3D56600B81B5F /* Home2.swift in Sources */,
				5A91291B2BF38D3100B81B5F /* ContentView.swift in Sources */,
				5A91292E2BF39EA900B81B5F /* Home.swift in Sources */,
				5A9129192BF38D3100B81B5F /* PhotoEditorApp.swift in Sources */,
				5A9129392BF3D81B00B81B5F /* DrawingViewModel.swift in Sources */,
				5A9129372BF3D5AF00B81B5F /* ImagePicker.swift in Sources */,
				5A9129282BF38F3900B81B5F /* HeadlineView.swift in Sources */,
				5A91293D2BF3E82B00B81B5F /* TextBox.swift in Sources */,
				5A9129302BF39EF900B81B5F /* Crop.swift in Sources */,
			);
			runOnlyForDeploymentPostprocessing = 0;
		};
/* End PBXSourcesBuildPhase section */

/* Begin XCBuildConfiguration section */
		5A9129212BF38D3400B81B5F /* Debug */ = {
			isa = XCBuildConfiguration;
			buildSettings = {
				ALWAYS_SEARCH_USER_PATHS = NO;
				ASSETCATALOG_COMPILER_GENERATE_SWIFT_ASSET_SYMBOL_EXTENSIONS = YES;
				CLANG_ANALYZER_NONNULL = YES;
				CLANG_ANALYZER_NUMBER_OBJECT_CONVERSION = YES_AGGRESSIVE;
				CLANG_CXX_LANGUAGE_STANDARD = "gnu++20";
				CLANG_ENABLE_MODULES = YES;
				CLANG_ENABLE_OBJC_ARC = YES;
				CLANG_ENABLE_OBJC_WEAK = YES;
				CLANG_WARN_BLOCK_CAPTURE_AUTORELEASING = YES;
				CLANG_WARN_BOOL_CONVERSION = YES;
				CLANG_WARN_COMMA = YES;
				CLANG_WARN_CONSTANT_CONVERSION = YES;
				CLANG_WARN_DEPRECATED_OBJC_IMPLEMENTATIONS = YES;
				CLANG_WARN_DIRECT_OBJC_ISA_USAGE = YES_ERROR;
				CLANG_WARN_DOCUMENTATION_COMMENTS = YES;
				CLANG_WARN_EMPTY_BODY = YES;
				CLANG_WARN_ENUM_CONVERSION = YES;
				CLANG_WARN_INFINITE_RECURSION = YES;
				CLANG_WARN_INT_CONVERSION = YES;
				CLANG_WARN_NON_LITERAL_NULL_CONVERSION = YES;
				CLANG_WARN_OBJC_IMPLICIT_RETAIN_SELF = YES;
				CLANG_WARN_OBJC_LITERAL_CONVERSION = YES;
				CLANG_WARN_OBJC_ROOT_CLASS = YES_ERROR;
				CLANG_WARN_QUOTED_INCLUDE_IN_FRAMEWORK_HEADER = YES;
				CLANG_WARN_RANGE_LOOP_ANALYSIS = YES;
				CLANG_WARN_STRICT_PROTOTYPES = YES;
				CLANG_WARN_SUSPICIOUS_MOVE = YES;
				CLANG_WARN_UNGUARDED_AVAILABILITY = YES_AGGRESSIVE;
				CLANG_WARN_UNREACHABLE_CODE = YES;
				CLANG_WARN__DUPLICATE_METHOD_MATCH = YES;
				COPY_PHASE_STRIP = NO;
				DEBUG_INFORMATION_FORMAT = dwarf;
				ENABLE_STRICT_OBJC_MSGSEND = YES;
				ENABLE_TESTABILITY = YES;
				ENABLE_USER_SCRIPT_SANDBOXING = YES;
				GCC_C_LANGUAGE_STANDARD = gnu17;
				GCC_DYNAMIC_NO_PIC = NO;
				GCC_NO_COMMON_BLOCKS = YES;
				GCC_OPTIMIZATION_LEVEL = 0;
				GCC_PREPROCESSOR_DEFINITIONS = (
					"DEBUG=1",
					"$(inherited)",
				);
				GCC_WARN_64_TO_32_BIT_CONVERSION = YES;
				GCC_WARN_ABOUT_RETURN_TYPE = YES_ERROR;
				GCC_WARN_UNDECLARED_SELECTOR = YES;
				GCC_WARN_UNINITIALIZED_AUTOS = YES_AGGRESSIVE;
				GCC_WARN_UNUSED_FUNCTION = YES;
				GCC_WARN_UNUSED_VARIABLE = YES;
				IPHONEOS_DEPLOYMENT_TARGET = 17.2;
				LOCALIZATION_PREFERS_STRING_CATALOGS = YES;
				MTL_ENABLE_DEBUG_INFO = INCLUDE_SOURCE;
				MTL_FAST_MATH = YES;
				ONLY_ACTIVE_ARCH = YES;
				SDKROOT = iphoneos;
				SWIFT_ACTIVE_COMPILATION_CONDITIONS = "DEBUG $(inherited)";
				SWIFT_OPTIMIZATION_LEVEL = "-Onone";
			};
			name = Debug;
		};
		5A9129222BF38D3400B81B5F /* Release */ = {
			isa = XCBuildConfiguration;
			buildSettings = {
				ALWAYS_SEARCH_USER_PATHS = NO;
				ASSETCATALOG_COMPILER_GENERATE_SWIFT_ASSET_SYMBOL_EXTENSIONS = YES;
				CLANG_ANALYZER_NONNULL = YES;
				CLANG_ANALYZER_NUMBER_OBJECT_CONVERSION = YES_AGGRESSIVE;
				CLANG_CXX_LANGUAGE_STANDARD = "gnu++20";
				CLANG_ENABLE_MODULES = YES;
				CLANG_ENABLE_OBJC_ARC = YES;
				CLANG_ENABLE_OBJC_WEAK = YES;
				CLANG_WARN_BLOCK_CAPTURE_AUTORELEASING = YES;
				CLANG_WARN_BOOL_CONVERSION = YES;
				CLANG_WARN_COMMA = YES;
				CLANG_WARN_CONSTANT_CONVERSION = YES;
				CLANG_WARN_DEPRECATED_OBJC_IMPLEMENTATIONS = YES;
				CLANG_WARN_DIRECT_OBJC_ISA_USAGE = YES_ERROR;
				CLANG_WARN_DOCUMENTATION_COMMENTS = YES;
				CLANG_WARN_EMPTY_BODY = YES;
				CLANG_WARN_ENUM_CONVERSION = YES;
				CLANG_WARN_INFINITE_RECURSION = YES;
				CLANG_WARN_INT_CONVERSION = YES;
				CLANG_WARN_NON_LITERAL_NULL_CONVERSION = YES;
				CLANG_WARN_OBJC_IMPLICIT_RETAIN_SELF = YES;
				CLANG_WARN_OBJC_LITERAL_CONVERSION = YES;
				CLANG_WARN_OBJC_ROOT_CLASS = YES_ERROR;
				CLANG_WARN_QUOTED_INCLUDE_IN_FRAMEWORK_HEADER = YES;
				CLANG_WARN_RANGE_LOOP_ANALYSIS = YES;
				CLANG_WARN_STRICT_PROTOTYPES = YES;
				CLANG_WARN_SUSPICIOUS_MOVE = YES;
				CLANG_WARN_UNGUARDED_AVAILABILITY = YES_AGGRESSIVE;
				CLANG_WARN_UNREACHABLE_CODE = YES;
				CLANG_WARN__DUPLICATE_METHOD_MATCH = YES;
				COPY_PHASE_STRIP = NO;
				DEBUG_INFORMATION_FORMAT = "dwarf-with-dsym";
				ENABLE_NS_ASSERTIONS = NO;
				ENABLE_STRICT_OBJC_MSGSEND = YES;
				ENABLE_USER_SCRIPT_SANDBOXING = YES;
				GCC_C_LANGUAGE_STANDARD = gnu17;
				GCC_NO_COMMON_BLOCKS = YES;
				GCC_WARN_64_TO_32_BIT_CONVERSION = YES;
				GCC_WARN_ABOUT_RETURN_TYPE = YES_ERROR;
				GCC_WARN_UNDECLARED_SELECTOR = YES;
				GCC_WARN_UNINITIALIZED_AUTOS = YES_AGGRESSIVE;
				GCC_WARN_UNUSED_FUNCTION = YES;
				GCC_WARN_UNUSED_VARIABLE = YES;
				IPHONEOS_DEPLOYMENT_TARGET = 17.2;
				LOCALIZATION_PREFERS_STRING_CATALOGS = YES;
				MTL_ENABLE_DEBUG_INFO = NO;
				MTL_FAST_MATH = YES;
				SDKROOT = iphoneos;
				SWIFT_COMPILATION_MODE = wholemodule;
				VALIDATE_PRODUCT = YES;
			};
			name = Release;
		};
		5A9129242BF38D3400B81B5F /* Debug */ = {
			isa = XCBuildConfiguration;
			buildSettings = {
				ASSETCATALOG_COMPILER_APPICON_NAME = AppIcon;
				ASSETCATALOG_COMPILER_GLOBAL_ACCENT_COLOR_NAME = AccentColor;
				CODE_SIGN_STYLE = Automatic;
				CURRENT_PROJECT_VERSION = 1;
				DEVELOPMENT_ASSET_PATHS = "\"PhotoEditor/Preview Content\"";
				DEVELOPMENT_TEAM = YFKSG45UC4;
				ENABLE_PREVIEWS = YES;
				GENERATE_INFOPLIST_FILE = YES;
				INFOPLIST_KEY_NSPhotoLibraryUsageDescription = "";
				INFOPLIST_KEY_UIApplicationSceneManifest_Generation = YES;
				INFOPLIST_KEY_UIApplicationSupportsIndirectInputEvents = YES;
				INFOPLIST_KEY_UILaunchScreen_Generation = YES;
				INFOPLIST_KEY_UISupportedInterfaceOrientations_iPad = "UIInterfaceOrientationPortrait UIInterfaceOrientationPortraitUpsideDown UIInterfaceOrientationLandscapeLeft UIInterfaceOrientationLandscapeRight";
				INFOPLIST_KEY_UISupportedInterfaceOrientations_iPhone = "UIInterfaceOrientationPortrait UIInterfaceOrientationLandscapeLeft UIInterfaceOrientationLandscapeRight";
				LD_RUNPATH_SEARCH_PATHS = (
					"$(inherited)",
					"@executable_path/Frameworks",
				);
				MARKETING_VERSION = 1.0;
				PRODUCT_BUNDLE_IDENTIFIER = ru.StasiaKuzya.PhotoEditor;
				PRODUCT_NAME = "$(TARGET_NAME)";
				SWIFT_EMIT_LOC_STRINGS = YES;
				SWIFT_VERSION = 5.0;
				TARGETED_DEVICE_FAMILY = "1,2";
			};
			name = Debug;
		};
		5A9129252BF38D3400B81B5F /* Release */ = {
			isa = XCBuildConfiguration;
			buildSettings = {
				ASSETCATALOG_COMPILER_APPICON_NAME = AppIcon;
				ASSETCATALOG_COMPILER_GLOBAL_ACCENT_COLOR_NAME = AccentColor;
				CODE_SIGN_STYLE = Automatic;
				CURRENT_PROJECT_VERSION = 1;
				DEVELOPMENT_ASSET_PATHS = "\"PhotoEditor/Preview Content\"";
				DEVELOPMENT_TEAM = YFKSG45UC4;
				ENABLE_PREVIEWS = YES;
				GENERATE_INFOPLIST_FILE = YES;
				INFOPLIST_KEY_NSPhotoLibraryUsageDescription = "";
				INFOPLIST_KEY_UIApplicationSceneManifest_Generation = YES;
				INFOPLIST_KEY_UIApplicationSupportsIndirectInputEvents = YES;
				INFOPLIST_KEY_UILaunchScreen_Generation = YES;
				INFOPLIST_KEY_UISupportedInterfaceOrientations_iPad = "UIInterfaceOrientationPortrait UIInterfaceOrientationPortraitUpsideDown UIInterfaceOrientationLandscapeLeft UIInterfaceOrientationLandscapeRight";
				INFOPLIST_KEY_UISupportedInterfaceOrientations_iPhone = "UIInterfaceOrientationPortrait UIInterfaceOrientationLandscapeLeft UIInterfaceOrientationLandscapeRight";
				LD_RUNPATH_SEARCH_PATHS = (
					"$(inherited)",
					"@executable_path/Frameworks",
				);
				MARKETING_VERSION = 1.0;
				PRODUCT_BUNDLE_IDENTIFIER = ru.StasiaKuzya.PhotoEditor;
				PRODUCT_NAME = "$(TARGET_NAME)";
				SWIFT_EMIT_LOC_STRINGS = YES;
				SWIFT_VERSION = 5.0;
				TARGETED_DEVICE_FAMILY = "1,2";
			};
			name = Release;
		};
/* End XCBuildConfiguration section */

/* Begin XCConfigurationList section */
		5A9129102BF38D3100B81B5F /* Build configuration list for PBXProject "PhotoEditor" */ = {
			isa = XCConfigurationList;
			buildConfigurations = (
				5A9129212BF38D3400B81B5F /* Debug */,
				5A9129222BF38D3400B81B5F /* Release */,
			);
			defaultConfigurationIsVisible = 0;
			defaultConfigurationName = Release;
		};
		5A9129232BF38D3400B81B5F /* Build configuration list for PBXNativeTarget "PhotoEditor" */ = {
			isa = XCConfigurationList;
			buildConfigurations = (
				5A9129242BF38D3400B81B5F /* Debug */,
				5A9129252BF38D3400B81B5F /* Release */,
			);
			defaultConfigurationIsVisible = 0;
			defaultConfigurationName = Release;
		};
/* End XCConfigurationList section */
	};
	rootObject = 5A91290D2BF38D3100B81B5F /* Project object */;
}
